
Microsoft Visual Studio Solution File, Format Version 12.00
# Visual Studio Version 17
VisualStudioVersion = 17.7.34009.444
MinimumVisualStudioVersion = 10.0.40219.1
Project("{FAE04EC0-301F-11D3-BF4B-00C04F79EFBC}") = "IT111L_Game", "IT111L_Game.csproj", "{816D6095-4BC6-4D11-920E-ACAC73BD8E2D}"
EndProject
Project("{FAE04EC0-301F-11D3-BF4B-00C04F79EFBC}") = "MiniGameCardMemory", "..\MiniGameCardMemory\MiniGameCardMemory.csproj", "{8F6E7CD7-C89B-447D-B5DC-631C1DF03DD1}"
EndProject
Project("{FAE04EC0-301F-11D3-BF4B-00C04F79EFBC}") = "FontGameCollection", "..\FontGameCollection\FontGameCollection.csproj", "{25A2450A-F545-4A4F-BC89-97CDACF539B2}"
EndProject
Project("{FAE04EC0-301F-11D3-BF4B-00C04F79EFBC}") = "MiniGameWindow", "..\MiniGameWindow\MiniGameWindow.csproj", "{11F71C70-414C-4237-BE5D-7E25D4D3DD6C}"
EndProject
Project("{FAE04EC0-301F-11D3-BF4B-00C04F79EFBC}") = "MiniGameLogicQuiz", "..\MiniGameLogicQuiz\MiniGameLogicQuiz.csproj", "{7B58AA57-7EB5-41E9-A2D4-2EFA8D892F8C}"
EndProject
Project("{FAE04EC0-301F-11D3-BF4B-00C04F79EFBC}") = "GameFileHandler", "..\GameFileHandler\GameFileHandler.csproj", "{D11066D5-11B0-4B8B-B24C-6703C80B2FE7}"
EndProject
Project("{FAE04EC0-301F-11D3-BF4B-00C04F79EFBC}") = "MiniGameRiddles", "..\MiniGameRiddles\MiniGameRiddles.csproj", "{096A19C3-9BCA-44AE-A0D1-64BC57C330A2}"
EndProject
Project("{FAE04EC0-301F-11D3-BF4B-00C04F79EFBC}") = "MiniGameRPS", "..\MiniGameRPS\MiniGameRPS.csproj", "{4A0CE099-E319-4232-BA2A-AAE9C5C505B1}"
EndProject
Global
	GlobalSection(SolutionConfigurationPlatforms) = preSolution
		Debug|Any CPU = Debug|Any CPU
		Release|Any CPU = Release|Any CPU
	EndGlobalSection
	GlobalSection(ProjectConfigurationPlatforms) = postSolution
		{816D6095-4BC6-4D11-920E-ACAC73BD8E2D}.Debug|Any CPU.ActiveCfg = Debug|Any CPU
		{816D6095-4BC6-4D11-920E-ACAC73BD8E2D}.Debug|Any CPU.Build.0 = Debug|Any CPU
		{816D6095-4BC6-4D11-920E-ACAC73BD8E2D}.Release|Any CPU.ActiveCfg = Release|Any CPU
		{816D6095-4BC6-4D11-920E-ACAC73BD8E2D}.Release|Any CPU.Build.0 = Release|Any CPU
		{8F6E7CD7-C89B-447D-B5DC-631C1DF03DD1}.Debug|Any CPU.ActiveCfg = Debug|Any CPU
		{8F6E7CD7-C89B-447D-B5DC-631C1DF03DD1}.Debug|Any CPU.Build.0 = Debug|Any CPU
		{8F6E7CD7-C89B-447D-B5DC-631C1DF03DD1}.Release|Any CPU.ActiveCfg = Release|Any CPU
		{8F6E7CD7-C89B-447D-B5DC-631C1DF03DD1}.Release|Any CPU.Build.0 = Release|Any CPU
		{25A2450A-F545-4A4F-BC89-97CDACF539B2}.Debug|Any CPU.ActiveCfg = Debug|Any CPU
		{25A2450A-F545-4A4F-BC89-97CDACF539B2}.Debug|Any CPU.Build.0 = Debug|Any CPU
		{25A2450A-F545-4A4F-BC89-97CDACF539B2}.Release|Any CPU.ActiveCfg = Release|Any CPU
		{25A2450A-F545-4A4F-BC89-97CDACF539B2}.Release|Any CPU.Build.0 = Release|Any CPU
		{11F71C70-414C-4237-BE5D-7E25D4D3DD6C}.Debug|Any CPU.ActiveCfg = Debug|Any CPU
		{11F71C70-414C-4237-BE5D-7E25D4D3DD6C}.Debug|Any CPU.Build.0 = Debug|Any CPU
		{11F71C70-414C-4237-BE5D-7E25D4D3DD6C}.Release|Any CPU.ActiveCfg = Release|Any CPU
		{11F71C70-414C-4237-BE5D-7E25D4D3DD6C}.Release|Any CPU.Build.0 = Release|Any CPU
		{7B58AA57-7EB5-41E9-A2D4-2EFA8D892F8C}.Debug|Any CPU.ActiveCfg = Debug|Any CPU
		{7B58AA57-7EB5-41E9-A2D4-2EFA8D892F8C}.Debug|Any CPU.Build.0 = Debug|Any CPU
		{7B58AA57-7EB5-41E9-A2D4-2EFA8D892F8C}.Release|Any CPU.ActiveCfg = Release|Any CPU
		{7B58AA57-7EB5-41E9-A2D4-2EFA8D892F8C}.Release|Any CPU.Build.0 = Release|Any CPU
		{D11066D5-11B0-4B8B-B24C-6703C80B2FE7}.Debug|Any CPU.ActiveCfg = Debug|Any CPU
		{D11066D5-11B0-4B8B-B24C-6703C80B2FE7}.Debug|Any CPU.Build.0 = Debug|Any CPU
		{D11066D5-11B0-4B8B-B24C-6703C80B2FE7}.Release|Any CPU.ActiveCfg = Release|Any CPU
		{D11066D5-11B0-4B8B-B24C-6703C80B2FE7}.Release|Any CPU.Build.0 = Release|Any CPU
		{096A19C3-9BCA-44AE-A0D1-64BC57C330A2}.Debug|Any CPU.ActiveCfg = Debug|Any CPU
		{096A19C3-9BCA-44AE-A0D1-64BC57C330A2}.Debug|Any CPU.Build.0 = Debug|Any CPU
		{096A19C3-9BCA-44AE-A0D1-64BC57C330A2}.Release|Any CPU.ActiveCfg = Release|Any CPU
		{096A19C3-9BCA-44AE-A0D1-64BC57C330A2}.Release|Any CPU.Build.0 = Release|Any CPU
		{4A0CE099-E319-4232-BA2A-AAE9C5C505B1}.Debug|Any CPU.ActiveCfg = Debug|Any CPU
		{4A0CE099-E319-4232-BA2A-AAE9C5C505B1}.Debug|Any CPU.Build.0 = Debug|Any CPU
		{4A0CE099-E319-4232-BA2A-AAE9C5C505B1}.Release|Any CPU.ActiveCfg = Release|Any CPU
		{4A0CE099-E319-4232-BA2A-AAE9C5C505B1}.Release|Any CPU.Build.0 = Release|Any CPU
	EndGlobalSection
	GlobalSection(SolutionProperties) = preSolution
		HideSolutionNode = FALSE
	EndGlobalSection
	GlobalSection(ExtensibilityGlobals) = postSolution
		SolutionGuid = {C6FE5FAF-7058-48AF-9856-73EB45695968}
	EndGlobalSection
EndGlobal
